{
  "name": "nativescript-carouselNg",
  "version": "0.0.5",
  "lockfileVersion": 1,
  "requires": true,
  "dependencies": {
    "@angular/animations": {
      "version": "4.1.3",
      "resolved": "http://registry.npm.taobao.org/@angular/animations/download/@angular/animations-4.1.3.tgz",
      "integrity": "sha1-bomh4Pv9bQ6Qvk8q4ZCqxn+DpBE=",
      "dev": true
    },
    "@angular/common": {
      "version": "4.1.3",
      "resolved": "http://registry.npm.taobao.org/@angular/common/download/@angular/common-4.1.3.tgz",
      "integrity": "sha1-58R5HjITHPdMI5QowqZ9qrLu8Bc=",
      "dev": true
    },
    "@angular/compiler": {
      "version": "4.1.3",
      "resolved": "http://registry.npm.taobao.org/@angular/compiler/download/@angular/compiler-4.1.3.tgz",
      "integrity": "sha1-0t0whTsM9KVHWLSjFGMsIx+clMM=",
      "dev": true
    },
    "@angular/core": {
      "version": "4.1.3",
      "resolved": "http://registry.npm.taobao.org/@angular/core/download/@angular/core-4.1.3.tgz",
      "integrity": "sha1-KFSY64arfQtvmC+Pn0h+9hABOzU=",
      "dev": true
    },
    "@angular/forms": {
      "version": "4.1.3",
      "resolved": "http://registry.npm.taobao.org/@angular/forms/download/@angular/forms-4.1.3.tgz",
      "integrity": "sha1-OAq0w6+ExdHXSMKn0EFRx9yOSYI=",
      "dev": true
    },
    "@angular/http": {
      "version": "4.1.3",
      "resolved": "http://registry.npm.taobao.org/@angular/http/download/@angular/http-4.1.3.tgz",
      "integrity": "sha1-650cMCoBcoFfmlczENm+C964Ra4=",
      "dev": true
    },
    "@angular/platform-browser": {
      "version": "4.1.3",
      "resolved": "http://registry.npm.taobao.org/@angular/platform-browser/download/@angular/platform-browser-4.1.3.tgz",
      "integrity": "sha1-T6HbURndF4sxXdrlsym+4akypb0=",
      "dev": true
    },
    "@angular/router": {
      "version": "4.1.3",
      "resolved": "http://registry.npm.taobao.org/@angular/router/download/@angular/router-4.1.3.tgz",
      "integrity": "sha1-3a/UaufMyLH3SQT/tF85TkRiUhY=",
      "dev": true
    },
    "nativescript-angular": {
      "version": "3.1.3",
      "resolved": "http://registry.npm.taobao.org/nativescript-angular/download/nativescript-angular-3.1.3.tgz",
      "integrity": "sha1-t8yB35PFHpF4Qgx8XQys0Y6t2uc=",
      "dev": true,
      "requires": {
        "nativescript-intl": "3.0.0",
        "reflect-metadata": "0.1.10"
      }
    },
    "nativescript-carousel": {
      "version": "3.1.0",
      "resolved": "http://registry.npm.taobao.org/nativescript-carousel/download/nativescript-carousel-3.1.0.tgz",
      "integrity": "sha1-oFmDC+q8Qwsq3qLBGq64QX8n9/4="
    },
    "nativescript-intl": {
      "version": "3.0.0",
      "resolved": "http://registry.npm.taobao.org/nativescript-intl/download/nativescript-intl-3.0.0.tgz",
      "integrity": "sha1-gu6b59N3Fys8QpVzRyMDdijhhqc=",
      "dev": true
    },
    "nativescript-theme-core": {
      "version": "1.0.4",
      "resolved": "http://registry.npm.taobao.org/nativescript-theme-core/download/nativescript-theme-core-1.0.4.tgz",
      "integrity": "sha1-zyiAx/vy/l9D4iNdMJdQeQgD7+E=",
      "dev": true
    },
    "reflect-metadata": {
      "version": "0.1.10",
      "resolved": "http://registry.npm.taobao.org/reflect-metadata/download/reflect-metadata-0.1.10.tgz",
      "integrity": "sha1-tPg3BEFqytiZiMmxVjXUfgO5NEo=",
      "dev": true
    },
    "tns-core-modules": {
      "version": "3.1.0",
      "resolved": "http://registry.npm.taobao.org/tns-core-modules/download/tns-core-modules-3.1.0.tgz",
      "integrity": "sha1-iSXsrhZWsytOMmVJjLI8EHjC9mc=",
      "dev": true,
      "requires": {
        "tns-core-modules-widgets": "3.1.0"
      }
    },
    "tns-core-modules-widgets": {
      "version": "3.1.0",
      "resolved": "http://registry.npm.taobao.org/tns-core-modules-widgets/download/tns-core-modules-widgets-3.1.0.tgz",
      "integrity": "sha1-3pGlagyM+zhxxo1lGueAPyM/URk=",
      "dev": true
    },
    "tns-platform-declarations": {
      "version": "3.1.0",
      "resolved": "http://registry.npm.taobao.org/tns-platform-declarations/download/tns-platform-declarations-3.1.0.tgz",
      "integrity": "sha1-0+satz6UMCrGAQc2U2/tDGii+7U=",
      "dev": true
    },
    "typescript": {
      "version": "2.4.2",
      "resolved": "http://registry.npm.taobao.org/typescript/download/typescript-2.4.2.tgz",
      "integrity": "sha1-+DlfhdRZJ2BnyYiqQYN6j4KHCEQ=",
      "dev": true
    }
  }
}
